# THIS IS AN AUTOGENERATED FILE. DO NOT EDIT THIS FILE DIRECTLY.
# yarn lockfile v1


"@wmrjs/service-worker@^0.3.1":
  version "0.3.1"
  resolved "https://registry.yarnpkg.com/@wmrjs/service-worker/-/service-worker-0.3.1.tgz#eb1d95d729012c05be99a1def4691b5e3025b1b1"
  integrity sha512-YffXbIKxTMzggcI43S/Q34o+TRnpzKqXL4EOk5NBeL9Y+Uk2xXoVNr/DMmkYE3HskH4sbAx5UGsZFlrhOE8dyA==
  dependencies:
    rollup "^2.0.0"

fsevents@~2.3.2:
  version "2.3.2"
  resolved "https://registry.yarnpkg.com/fsevents/-/fsevents-2.3.2.tgz#8a526f78b8fdf4623b709e0b975c52c24c02fd1a"
  integrity sha512-xiqMQR4xAeHTuB9uWm+fFRcIOgKBMiOBP+eXiyT7jsgVCq1bkVygt00oASowB7EdtpOHaaPgKt812P9ab+DDKA==

idb@^6.1.4:
  version "6.1.5"
  resolved "https://registry.yarnpkg.com/idb/-/idb-6.1.5.tgz#dbc53e7adf1ac7c59f9b2bf56e00b4ea4fce8c7b"
  integrity sha512-IJtugpKkiVXQn5Y+LteyBCNk1N8xpGV3wWZk9EVtZWH8DYkjBn0bX1XnGP9RkyZF0sAcywa6unHqSWKe7q4LGw==

preact-iso@^2.3.0:
  version "2.3.0"
  resolved "https://registry.yarnpkg.com/preact-iso/-/preact-iso-2.3.0.tgz#ab6c5de28df9e0f7a0589dd2175a83ba821f69ec"
  integrity sha512-taJmRidbWrjHEhoVoxXS2Kvxa6X3jXSsTtD7rSYeJuxnPNr1ghCu1JUzCrRxmZwTUNWIqwUpNi+AJoLtvCPN7g==

preact@^10.7.2:
  version "10.7.2"
  resolved "https://registry.yarnpkg.com/preact/-/preact-10.7.2.tgz#5c632ba194b87345dcaee6598b3b6529b58e6a12"
  integrity sha512-GLjn0I3r6ka+NvxJUppsVFqb4V0qDTEHT/QxHlidPuClGaxF/4AI2Qti4a0cv3XMh5n1+D3hLScW10LRIm5msQ==

rollup@^2.0.0:
  version "2.75.3"
  resolved "https://registry.yarnpkg.com/rollup/-/rollup-2.75.3.tgz#11bd3e8ace526911feea8af17f2a286fbfdb4cf8"
  integrity sha512-YA29fLU6MAYSaDxIQYrGGOcbXlDmG96h0krGGYObroezcQ0KgEPM3+7MtKD/qeuUbFuAJXvKZee5dA1dpwq1PQ==
  optionalDependencies:
    fsevents "~2.3.2"

wmr@^3.7.2:
  version "3.7.2"
  resolved "https://registry.yarnpkg.com/wmr/-/wmr-3.7.2.tgz#3d6dfb771fafc0e2119d4502aaea26ecd5963c19"
  integrity sha512-i+e/T8J067qP2pBgq6E2gaW9qMGK+D9eGue85YM0Vflc2UuzXBP3fSS5PzvyHEKuPHZWmcFBmZRs6DU9Lkr9og==

workbox-background-sync@^6.5.3:
  version "6.5.3"
  resolved "https://registry.yarnpkg.com/workbox-background-sync/-/workbox-background-sync-6.5.3.tgz#7c66c1836aeca6f3762dc48d17a1852a33b3168c"
  integrity sha512-0DD/V05FAcek6tWv9XYj2w5T/plxhDSpclIcAGjA/b7t/6PdaRkQ7ZgtAX6Q/L7kV7wZ8uYRJUoH11VjNipMZw==
  dependencies:
    idb "^6.1.4"
    workbox-core "6.5.3"

workbox-cacheable-response@6.5.3:
  version "6.5.3"
  resolved "https://registry.yarnpkg.com/workbox-cacheable-response/-/workbox-cacheable-response-6.5.3.tgz#b1f8c2bc599a7be8f7e3c262535629c558738e47"
  integrity sha512-6JE/Zm05hNasHzzAGKDkqqgYtZZL2H06ic2GxuRLStA4S/rHUfm2mnLFFXuHAaGR1XuuYyVCEey1M6H3PdZ7SQ==
  dependencies:
    workbox-core "6.5.3"

workbox-core@6.5.3:
  version "6.5.3"
  resolved "https://registry.yarnpkg.com/workbox-core/-/workbox-core-6.5.3.tgz#bca038a9ef0d7a634a6db2a60f45313ed22ac249"
  integrity sha512-Bb9ey5n/M9x+l3fBTlLpHt9ASTzgSGj6vxni7pY72ilB/Pb3XtN+cZ9yueboVhD5+9cNQrC9n/E1fSrqWsUz7Q==

workbox-expiration@6.5.3:
  version "6.5.3"
  resolved "https://registry.yarnpkg.com/workbox-expiration/-/workbox-expiration-6.5.3.tgz#efc0811f371a2ede1052b9de1c4f072b71d50503"
  integrity sha512-jzYopYR1zD04ZMdlbn/R2Ik6ixiXbi15c9iX5H8CTi6RPDz7uhvMLZPKEndZTpfgmUk8mdmT9Vx/AhbuCl5Sqw==
  dependencies:
    idb "^6.1.4"
    workbox-core "6.5.3"

workbox-precaching@6.5.3:
  version "6.5.3"
  resolved "https://registry.yarnpkg.com/workbox-precaching/-/workbox-precaching-6.5.3.tgz#c870312b2ef901d790ab9e48da084e776c62af47"
  integrity sha512-sjNfgNLSsRX5zcc63H/ar/hCf+T19fRtTqvWh795gdpghWb5xsfEkecXEvZ8biEi1QD7X/ljtHphdaPvXDygMQ==
  dependencies:
    workbox-core "6.5.3"
    workbox-routing "6.5.3"
    workbox-strategies "6.5.3"

workbox-recipes@^6.5.3:
  version "6.5.3"
  resolved "https://registry.yarnpkg.com/workbox-recipes/-/workbox-recipes-6.5.3.tgz#15beac9d8ae7a3a1c100218094a824b4dd3fd59a"
  integrity sha512-IcgiKYmbGiDvvf3PMSEtmwqxwfQ5zwI7OZPio3GWu4PfehA8jI8JHI3KZj+PCfRiUPZhjQHJ3v1HbNs+SiSkig==
  dependencies:
    workbox-cacheable-response "6.5.3"
    workbox-core "6.5.3"
    workbox-expiration "6.5.3"
    workbox-precaching "6.5.3"
    workbox-routing "6.5.3"
    workbox-strategies "6.5.3"

workbox-routing@6.5.3, workbox-routing@^6.5.3:
  version "6.5.3"
  resolved "https://registry.yarnpkg.com/workbox-routing/-/workbox-routing-6.5.3.tgz#a0a699d8cc90b5692bd3df24679acbbda3913777"
  integrity sha512-DFjxcuRAJjjt4T34RbMm3MCn+xnd36UT/2RfPRfa8VWJGItGJIn7tG+GwVTdHmvE54i/QmVTJepyAGWtoLPTmg==
  dependencies:
    workbox-core "6.5.3"

workbox-strategies@6.5.3, workbox-strategies@^6.5.3:
  version "6.5.3"
  resolved "https://registry.yarnpkg.com/workbox-strategies/-/workbox-strategies-6.5.3.tgz#4bea9a48fee16cf43766e0d8138296773c8a9783"
  integrity sha512-MgmGRrDVXs7rtSCcetZgkSZyMpRGw8HqL2aguszOc3nUmzGZsT238z/NN9ZouCxSzDu3PQ3ZSKmovAacaIhu1w==
  dependencies:
    workbox-core "6.5.3"
